
Microsoft Visual Studio Solution File, Format Version 12.00
# Visual Studio 15
VisualStudioVersion = 15.0.28010.2050
MinimumVisualStudioVersion = 10.0.40219.1
Project("{9A19103F-16F7-4668-BE54-9A1E7A4F7556}") = "Foodnetic.App", "Foodnetic.App\Foodnetic.App.csproj", "{EB80BF00-D57D-426A-B17B-A641D6A98E5C}"
EndProject
Project("{FAE04EC0-301F-11D3-BF4B-00C04F79EFBC}") = "Foodnetic.Models", "Foodnetic.Models\Foodnetic.Models.csproj", "{CA33458E-26BA-4E40-980E-3A8D65CAD79B}"
EndProject
Global
	GlobalSection(SolutionConfigurationPlatforms) = preSolution
		Debug|Any CPU = Debug|Any CPU
		Release|Any CPU = Release|Any CPU
	EndGlobalSection
	GlobalSection(ProjectConfigurationPlatforms) = postSolution
		{EB80BF00-D57D-426A-B17B-A641D6A98E5C}.Debug|Any CPU.ActiveCfg = Debug|Any CPU
		{EB80BF00-D57D-426A-B17B-A641D6A98E5C}.Debug|Any CPU.Build.0 = Debug|Any CPU
		{EB80BF00-D57D-426A-B17B-A641D6A98E5C}.Release|Any CPU.ActiveCfg = Release|Any CPU
		{EB80BF00-D57D-426A-B17B-A641D6A98E5C}.Release|Any CPU.Build.0 = Release|Any CPU
		{CA33458E-26BA-4E40-980E-3A8D65CAD79B}.Debug|Any CPU.ActiveCfg = Debug|Any CPU
		{CA33458E-26BA-4E40-980E-3A8D65CAD79B}.Debug|Any CPU.Build.0 = Debug|Any CPU
		{CA33458E-26BA-4E40-980E-3A8D65CAD79B}.Release|Any CPU.ActiveCfg = Release|Any CPU
		{CA33458E-26BA-4E40-980E-3A8D65CAD79B}.Release|Any CPU.Build.0 = Release|Any CPU
	EndGlobalSection
	GlobalSection(SolutionProperties) = preSolution
		HideSolutionNode = FALSE
	EndGlobalSection
	GlobalSection(ExtensibilityGlobals) = postSolution
		SolutionGuid = {8D76DF33-CD00-4A6C-AB88-D7E891FB2760}
	EndGlobalSection
EndGlobal
